// !$*UTF8*$!
{
	archiveVersion = 1;
	classes = {
	};
	objectVersion = 46;
	objects = {

/* Begin PBXBuildFile section */
		6812648820E2893000AEE238 /* UltravisualLayout.swift in Sources */ = {isa = PBXBuildFile; fileRef = 6812648020E2892E00AEE238 /* UltravisualLayout.swift */; };
		6812648920E2893000AEE238 /* InspirationsViewController.swift in Sources */ = {isa = PBXBuildFile; fileRef = 6812648120E2892E00AEE238 /* InspirationsViewController.swift */; };
		6812648A20E2893000AEE238 /* UIColor+Palette.swift in Sources */ = {isa = PBXBuildFile; fileRef = 6812648220E2892F00AEE238 /* UIColor+Palette.swift */; };
		6812648B20E2893000AEE238 /* Inspirations.plist in Resources */ = {isa = PBXBuildFile; fileRef = 6812648320E2892F00AEE238 /* Inspirations.plist */; };
		6812648C20E2893000AEE238 /* Session.swift in Sources */ = {isa = PBXBuildFile; fileRef = 6812648420E2892F00AEE238 /* Session.swift */; };
		6812648D20E2893000AEE238 /* UIImage+Decompression.swift in Sources */ = {isa = PBXBuildFile; fileRef = 6812648520E2892F00AEE238 /* UIImage+Decompression.swift */; };
		6812648E20E2893000AEE238 /* Inspiration.swift in Sources */ = {isa = PBXBuildFile; fileRef = 6812648620E2893000AEE238 /* Inspiration.swift */; };
		6812648F20E2893000AEE238 /* InspirationCell.swift in Sources */ = {isa = PBXBuildFile; fileRef = 6812648720E2893000AEE238 /* InspirationCell.swift */; };
		683F7F3F20F09A45009F0783 /* CardCell.swift in Sources */ = {isa = PBXBuildFile; fileRef = 683F7F3E20F09A45009F0783 /* CardCell.swift */; };
		683F7F4120F0A152009F0783 /* FlowLayout.swift in Sources */ = {isa = PBXBuildFile; fileRef = 683F7F4020F0A152009F0783 /* FlowLayout.swift */; };
		683F7F4320F0AAFB009F0783 /* CardContentViewController.swift in Sources */ = {isa = PBXBuildFile; fileRef = 683F7F4220F0AAFB009F0783 /* CardContentViewController.swift */; };
		683F7F4520F0B699009F0783 /* ButtonCell.swift in Sources */ = {isa = PBXBuildFile; fileRef = 683F7F4420F0B699009F0783 /* ButtonCell.swift */; };
		6882F53120D403A90035F272 /* ImageCollectionViewCell.xib in Resources */ = {isa = PBXBuildFile; fileRef = 6882F53020D403A80035F272 /* ImageCollectionViewCell.xib */; };
		7315F90920D3D37A00C5C95B /* TLTProgessView.swift in Sources */ = {isa = PBXBuildFile; fileRef = 7315F90820D3D37900C5C95B /* TLTProgessView.swift */; };
		7315F90E20D3D38A00C5C95B /* GlassViewController.swift in Sources */ = {isa = PBXBuildFile; fileRef = 7315F90A20D3D38A00C5C95B /* GlassViewController.swift */; };
		7315F90F20D3D38A00C5C95B /* BankCollectionViewCell.xib in Resources */ = {isa = PBXBuildFile; fileRef = 7315F90B20D3D38A00C5C95B /* BankCollectionViewCell.xib */; };
		7315F91020D3D38A00C5C95B /* BankCollectionViewCell.swift in Sources */ = {isa = PBXBuildFile; fileRef = 7315F90C20D3D38A00C5C95B /* BankCollectionViewCell.swift */; };
		7315F91120D3D38A00C5C95B /* ImageCollectionViewCell.swift in Sources */ = {isa = PBXBuildFile; fileRef = 7315F90D20D3D38A00C5C95B /* ImageCollectionViewCell.swift */; };
		7315F91420D3D3F500C5C95B /* MockViewController.swift in Sources */ = {isa = PBXBuildFile; fileRef = 7315F91320D3D3F500C5C95B /* MockViewController.swift */; };
		7398F63920EDF903005EFA9B /* CardGroupSliding.swift in Sources */ = {isa = PBXBuildFile; fileRef = 7398F62F20EDF903005EFA9B /* CardGroupSliding.swift */; };
		7398F63A20EDF903005EFA9B /* DetailViewController.swift in Sources */ = {isa = PBXBuildFile; fileRef = 7398F63020EDF903005EFA9B /* DetailViewController.swift */; };
		7398F63B20EDF903005EFA9B /* Card.swift in Sources */ = {isa = PBXBuildFile; fileRef = 7398F63120EDF903005EFA9B /* Card.swift */; };
		7398F63D20EDF903005EFA9B /* CardHighlight.swift in Sources */ = {isa = PBXBuildFile; fileRef = 7398F63320EDF903005EFA9B /* CardHighlight.swift */; };
		7398F63E20EDF903005EFA9B /* Animator.swift in Sources */ = {isa = PBXBuildFile; fileRef = 7398F63420EDF903005EFA9B /* Animator.swift */; };
		7398F63F20EDF903005EFA9B /* LayoutHelper.swift in Sources */ = {isa = PBXBuildFile; fileRef = 7398F63520EDF903005EFA9B /* LayoutHelper.swift */; };
		7398F64020EDF903005EFA9B /* CardGroup.swift in Sources */ = {isa = PBXBuildFile; fileRef = 7398F63620EDF903005EFA9B /* CardGroup.swift */; };
		7398F64120EDF903005EFA9B /* CardArticle.swift in Sources */ = {isa = PBXBuildFile; fileRef = 7398F63720EDF903005EFA9B /* CardArticle.swift */; };
		C9A730E71DAC7D4C001A6281 /* AppDelegate.swift in Sources */ = {isa = PBXBuildFile; fileRef = C9A730E61DAC7D4C001A6281 /* AppDelegate.swift */; };
		C9A730E91DAC7D4C001A6281 /* ViewController.swift in Sources */ = {isa = PBXBuildFile; fileRef = C9A730E81DAC7D4C001A6281 /* ViewController.swift */; };
		C9A730EC1DAC7D4C001A6281 /* Main.storyboard in Resources */ = {isa = PBXBuildFile; fileRef = C9A730EA1DAC7D4C001A6281 /* Main.storyboard */; };
		C9A730EE1DAC7D4C001A6281 /* Assets.xcassets in Resources */ = {isa = PBXBuildFile; fileRef = C9A730ED1DAC7D4C001A6281 /* Assets.xcassets */; };
		C9A730F11DAC7D4C001A6281 /* LaunchScreen.storyboard in Resources */ = {isa = PBXBuildFile; fileRef = C9A730EF1DAC7D4C001A6281 /* LaunchScreen.storyboard */; };
/* End PBXBuildFile section */

/* Begin PBXCopyFilesBuildPhase section */
		6882F52920D183230035F272 /* CopyFiles */ = {
			isa = PBXCopyFilesBuildPhase;
			buildActionMask = 2147483647;
			dstPath = "";
			dstSubfolderSpec = 10;
			files = (
			);
			runOnlyForDeploymentPostprocessing = 0;
		};
/* End PBXCopyFilesBuildPhase section */

/* Begin PBXFileReference section */
		6812648020E2892E00AEE238 /* UltravisualLayout.swift */ = {isa = PBXFileReference; fileEncoding = 4; lastKnownFileType = sourcecode.swift; path = UltravisualLayout.swift; sourceTree = "<group>"; };
		6812648120E2892E00AEE238 /* InspirationsViewController.swift */ = {isa = PBXFileReference; fileEncoding = 4; lastKnownFileType = sourcecode.swift; path = InspirationsViewController.swift; sourceTree = "<group>"; };
		6812648220E2892F00AEE238 /* UIColor+Palette.swift */ = {isa = PBXFileReference; fileEncoding = 4; lastKnownFileType = sourcecode.swift; path = "UIColor+Palette.swift"; sourceTree = "<group>"; };
		6812648320E2892F00AEE238 /* Inspirations.plist */ = {isa = PBXFileReference; fileEncoding = 4; lastKnownFileType = text.plist.xml; path = Inspirations.plist; sourceTree = "<group>"; };
		6812648420E2892F00AEE238 /* Session.swift */ = {isa = PBXFileReference; fileEncoding = 4; lastKnownFileType = sourcecode.swift; path = Session.swift; sourceTree = "<group>"; };
		6812648520E2892F00AEE238 /* UIImage+Decompression.swift */ = {isa = PBXFileReference; fileEncoding = 4; lastKnownFileType = sourcecode.swift; path = "UIImage+Decompression.swift"; sourceTree = "<group>"; };
		6812648620E2893000AEE238 /* Inspiration.swift */ = {isa = PBXFileReference; fileEncoding = 4; lastKnownFileType = sourcecode.swift; path = Inspiration.swift; sourceTree = "<group>"; };
		6812648720E2893000AEE238 /* InspirationCell.swift */ = {isa = PBXFileReference; fileEncoding = 4; lastKnownFileType = sourcecode.swift; path = InspirationCell.swift; sourceTree = "<group>"; };
		683F7F3C20F0937B009F0783 /* Foundation.framework */ = {isa = PBXFileReference; lastKnownFileType = wrapper.framework; name = Foundation.framework; path = System/Library/Frameworks/Foundation.framework; sourceTree = SDKROOT; };
		683F7F3E20F09A45009F0783 /* CardCell.swift */ = {isa = PBXFileReference; lastKnownFileType = sourcecode.swift; path = CardCell.swift; sourceTree = "<group>"; };
		683F7F4020F0A152009F0783 /* FlowLayout.swift */ = {isa = PBXFileReference; lastKnownFileType = sourcecode.swift; path = FlowLayout.swift; sourceTree = "<group>"; };
		683F7F4220F0AAFB009F0783 /* CardContentViewController.swift */ = {isa = PBXFileReference; fileEncoding = 4; lastKnownFileType = sourcecode.swift; path = CardContentViewController.swift; sourceTree = "<group>"; };
		683F7F4420F0B699009F0783 /* ButtonCell.swift */ = {isa = PBXFileReference; lastKnownFileType = sourcecode.swift; path = ButtonCell.swift; sourceTree = "<group>"; };
		6882F53020D403A80035F272 /* ImageCollectionViewCell.xib */ = {isa = PBXFileReference; fileEncoding = 4; lastKnownFileType = file.xib; path = ImageCollectionViewCell.xib; sourceTree = "<group>"; };
		7315F90820D3D37900C5C95B /* TLTProgessView.swift */ = {isa = PBXFileReference; fileEncoding = 4; lastKnownFileType = sourcecode.swift; path = TLTProgessView.swift; sourceTree = "<group>"; };
		7315F90A20D3D38A00C5C95B /* GlassViewController.swift */ = {isa = PBXFileReference; fileEncoding = 4; lastKnownFileType = sourcecode.swift; path = GlassViewController.swift; sourceTree = "<group>"; };
		7315F90B20D3D38A00C5C95B /* BankCollectionViewCell.xib */ = {isa = PBXFileReference; fileEncoding = 4; lastKnownFileType = file.xib; path = BankCollectionViewCell.xib; sourceTree = "<group>"; };
		7315F90C20D3D38A00C5C95B /* BankCollectionViewCell.swift */ = {isa = PBXFileReference; fileEncoding = 4; lastKnownFileType = sourcecode.swift; path = BankCollectionViewCell.swift; sourceTree = "<group>"; };
		7315F90D20D3D38A00C5C95B /* ImageCollectionViewCell.swift */ = {isa = PBXFileReference; fileEncoding = 4; lastKnownFileType = sourcecode.swift; path = ImageCollectionViewCell.swift; sourceTree = "<group>"; };
		7315F91320D3D3F500C5C95B /* MockViewController.swift */ = {isa = PBXFileReference; lastKnownFileType = sourcecode.swift; path = MockViewController.swift; sourceTree = "<group>"; };
		7398F62F20EDF903005EFA9B /* CardGroupSliding.swift */ = {isa = PBXFileReference; fileEncoding = 4; lastKnownFileType = sourcecode.swift; path = CardGroupSliding.swift; sourceTree = "<group>"; };
		7398F63020EDF903005EFA9B /* DetailViewController.swift */ = {isa = PBXFileReference; fileEncoding = 4; lastKnownFileType = sourcecode.swift; path = DetailViewController.swift; sourceTree = "<group>"; };
		7398F63120EDF903005EFA9B /* Card.swift */ = {isa = PBXFileReference; fileEncoding = 4; lastKnownFileType = sourcecode.swift; path = Card.swift; sourceTree = "<group>"; };
		7398F63320EDF903005EFA9B /* CardHighlight.swift */ = {isa = PBXFileReference; fileEncoding = 4; lastKnownFileType = sourcecode.swift; path = CardHighlight.swift; sourceTree = "<group>"; };
		7398F63420EDF903005EFA9B /* Animator.swift */ = {isa = PBXFileReference; fileEncoding = 4; lastKnownFileType = sourcecode.swift; path = Animator.swift; sourceTree = "<group>"; };
		7398F63520EDF903005EFA9B /* LayoutHelper.swift */ = {isa = PBXFileReference; fileEncoding = 4; lastKnownFileType = sourcecode.swift; path = LayoutHelper.swift; sourceTree = "<group>"; };
		7398F63620EDF903005EFA9B /* CardGroup.swift */ = {isa = PBXFileReference; fileEncoding = 4; lastKnownFileType = sourcecode.swift; path = CardGroup.swift; sourceTree = "<group>"; };
		7398F63720EDF903005EFA9B /* CardArticle.swift */ = {isa = PBXFileReference; fileEncoding = 4; lastKnownFileType = sourcecode.swift; path = CardArticle.swift; sourceTree = "<group>"; };
		C9A730E31DAC7D4C001A6281 /* Livert.app */ = {isa = PBXFileReference; explicitFileType = wrapper.application; includeInIndex = 0; path = Livert.app; sourceTree = BUILT_PRODUCTS_DIR; };
		C9A730E61DAC7D4C001A6281 /* AppDelegate.swift */ = {isa = PBXFileReference; lastKnownFileType = sourcecode.swift; path = AppDelegate.swift; sourceTree = "<group>"; };
		C9A730E81DAC7D4C001A6281 /* ViewController.swift */ = {isa = PBXFileReference; lastKnownFileType = sourcecode.swift; path = ViewController.swift; sourceTree = "<group>"; };
		C9A730EB1DAC7D4C001A6281 /* Base */ = {isa = PBXFileReference; lastKnownFileType = file.storyboard; name = Base; path = Base.lproj/Main.storyboard; sourceTree = "<group>"; };
		C9A730ED1DAC7D4C001A6281 /* Assets.xcassets */ = {isa = PBXFileReference; lastKnownFileType = folder.assetcatalog; path = Assets.xcassets; sourceTree = "<group>"; };
		C9A730F01DAC7D4C001A6281 /* Base */ = {isa = PBXFileReference; lastKnownFileType = file.storyboard; name = Base; path = Base.lproj/LaunchScreen.storyboard; sourceTree = "<group>"; };
		C9A730F21DAC7D4C001A6281 /* Info.plist */ = {isa = PBXFileReference; lastKnownFileType = text.plist.xml; path = Info.plist; sourceTree = "<group>"; };
/* End PBXFileReference section */

/* Begin PBXFrameworksBuildPhase section */
		C9A730E01DAC7D4C001A6281 /* Frameworks */ = {
			isa = PBXFrameworksBuildPhase;
			buildActionMask = 2147483647;
			files = (
			);
			runOnlyForDeploymentPostprocessing = 0;
		};
/* End PBXFrameworksBuildPhase section */

/* Begin PBXGroup section */
		683F7F3B20F0937B009F0783 /* Frameworks */ = {
			isa = PBXGroup;
			children = (
				683F7F3C20F0937B009F0783 /* Foundation.framework */,
			);
			name = Frameworks;
			sourceTree = "<group>";
		};
		7315F91220D3D38F00C5C95B /* Mock */ = {
			isa = PBXGroup;
			children = (
				7315F90820D3D37900C5C95B /* TLTProgessView.swift */,
				7315F91320D3D3F500C5C95B /* MockViewController.swift */,
				7315F90C20D3D38A00C5C95B /* BankCollectionViewCell.swift */,
				7315F90B20D3D38A00C5C95B /* BankCollectionViewCell.xib */,
				7315F90A20D3D38A00C5C95B /* GlassViewController.swift */,
			);
			path = Mock;
			sourceTree = "<group>";
		};
		7398F62B20EDF903005EFA9B /* Cards */ = {
			isa = PBXGroup;
			children = (
				7398F62C20EDF903005EFA9B /* Dependencies */,
				7398F62E20EDF903005EFA9B /* Sources */,
			);
			path = Cards;
			sourceTree = "<group>";
		};
		7398F62C20EDF903005EFA9B /* Dependencies */ = {
			isa = PBXGroup;
			children = (
			);
			path = Dependencies;
			sourceTree = "<group>";
		};
		7398F62E20EDF903005EFA9B /* Sources */ = {
			isa = PBXGroup;
			children = (
				7398F62F20EDF903005EFA9B /* CardGroupSliding.swift */,
				7398F63020EDF903005EFA9B /* DetailViewController.swift */,
				7398F63120EDF903005EFA9B /* Card.swift */,
				7398F63320EDF903005EFA9B /* CardHighlight.swift */,
				7398F63420EDF903005EFA9B /* Animator.swift */,
				7398F63520EDF903005EFA9B /* LayoutHelper.swift */,
				7398F63620EDF903005EFA9B /* CardGroup.swift */,
				7398F63720EDF903005EFA9B /* CardArticle.swift */,
			);
			path = Sources;
			sourceTree = "<group>";
		};
		C9A730DA1DAC7D4C001A6281 = {
			isa = PBXGroup;
			children = (
				C9A730E51DAC7D4C001A6281 /* LivePhotoEditor */,
				C9A730E41DAC7D4C001A6281 /* Products */,
				683F7F3B20F0937B009F0783 /* Frameworks */,
			);
			sourceTree = "<group>";
		};
		C9A730E41DAC7D4C001A6281 /* Products */ = {
			isa = PBXGroup;
			children = (
				C9A730E31DAC7D4C001A6281 /* Livert.app */,
			);
			name = Products;
			sourceTree = "<group>";
		};
		C9A730E51DAC7D4C001A6281 /* LivePhotoEditor */ = {
			isa = PBXGroup;
			children = (
				7398F62B20EDF903005EFA9B /* Cards */,
				6812648620E2893000AEE238 /* Inspiration.swift */,
				683F7F4420F0B699009F0783 /* ButtonCell.swift */,
				6812648720E2893000AEE238 /* InspirationCell.swift */,
				683F7F3E20F09A45009F0783 /* CardCell.swift */,
				6812648320E2892F00AEE238 /* Inspirations.plist */,
				6812648120E2892E00AEE238 /* InspirationsViewController.swift */,
				683F7F4220F0AAFB009F0783 /* CardContentViewController.swift */,
				683F7F4020F0A152009F0783 /* FlowLayout.swift */,
				6812648420E2892F00AEE238 /* Session.swift */,
				6812648220E2892F00AEE238 /* UIColor+Palette.swift */,
				6812648520E2892F00AEE238 /* UIImage+Decompression.swift */,
				6812648020E2892E00AEE238 /* UltravisualLayout.swift */,
				7315F91220D3D38F00C5C95B /* Mock */,
				7315F90D20D3D38A00C5C95B /* ImageCollectionViewCell.swift */,
				6882F53020D403A80035F272 /* ImageCollectionViewCell.xib */,
				C9A730E61DAC7D4C001A6281 /* AppDelegate.swift */,
				C9A730E81DAC7D4C001A6281 /* ViewController.swift */,
				C9A730EA1DAC7D4C001A6281 /* Main.storyboard */,
				C9A730ED1DAC7D4C001A6281 /* Assets.xcassets */,
				C9A730EF1DAC7D4C001A6281 /* LaunchScreen.storyboard */,
				C9A730F21DAC7D4C001A6281 /* Info.plist */,
			);
			path = LivePhotoEditor;
			sourceTree = "<group>";
		};
/* End PBXGroup section */

/* Begin PBXNativeTarget section */
		C9A730E21DAC7D4C001A6281 /* Livert */ = {
			isa = PBXNativeTarget;
			buildConfigurationList = C9A730F51DAC7D4C001A6281 /* Build configuration list for PBXNativeTarget "Livert" */;
			buildPhases = (
				C9A730DF1DAC7D4C001A6281 /* Sources */,
				C9A730E01DAC7D4C001A6281 /* Frameworks */,
				C9A730E11DAC7D4C001A6281 /* Resources */,
				6882F52920D183230035F272 /* CopyFiles */,
			);
			buildRules = (
			);
			dependencies = (
			);
			name = Livert;
			productName = LivePhotoEditor;
			productReference = C9A730E31DAC7D4C001A6281 /* Livert.app */;
			productType = "com.apple.product-type.application";
		};
/* End PBXNativeTarget section */

/* Begin PBXProject section */
		C9A730DB1DAC7D4C001A6281 /* Project object */ = {
			isa = PBXProject;
			attributes = {
				LastSwiftUpdateCheck = 0800;
				LastUpgradeCheck = 0800;
				ORGANIZATIONNAME = "Shingo Hiraya";
				TargetAttributes = {
					C9A730E21DAC7D4C001A6281 = {
						CreatedOnToolsVersion = 8.0;
						DevelopmentTeam = 93QF44Z6JU;
						ProvisioningStyle = Automatic;
					};
				};
			};
			buildConfigurationList = C9A730DE1DAC7D4C001A6281 /* Build configuration list for PBXProject "LivePhotoEditor" */;
			compatibilityVersion = "Xcode 3.2";
			developmentRegion = English;
			hasScannedForEncodings = 0;
			knownRegions = (
				en,
				Base,
			);
			mainGroup = C9A730DA1DAC7D4C001A6281;
			productRefGroup = C9A730E41DAC7D4C001A6281 /* Products */;
			projectDirPath = "";
			projectRoot = "";
			targets = (
				C9A730E21DAC7D4C001A6281 /* Livert */,
			);
		};
/* End PBXProject section */

/* Begin PBXResourcesBuildPhase section */
		C9A730E11DAC7D4C001A6281 /* Resources */ = {
			isa = PBXResourcesBuildPhase;
			buildActionMask = 2147483647;
			files = (
				C9A730F11DAC7D4C001A6281 /* LaunchScreen.storyboard in Resources */,
				C9A730EE1DAC7D4C001A6281 /* Assets.xcassets in Resources */,
				7315F90F20D3D38A00C5C95B /* BankCollectionViewCell.xib in Resources */,
				C9A730EC1DAC7D4C001A6281 /* Main.storyboard in Resources */,
				6882F53120D403A90035F272 /* ImageCollectionViewCell.xib in Resources */,
				6812648B20E2893000AEE238 /* Inspirations.plist in Resources */,
			);
			runOnlyForDeploymentPostprocessing = 0;
		};
/* End PBXResourcesBuildPhase section */

/* Begin PBXSourcesBuildPhase section */
		C9A730DF1DAC7D4C001A6281 /* Sources */ = {
			isa = PBXSourcesBuildPhase;
			buildActionMask = 2147483647;
			files = (
				7315F91120D3D38A00C5C95B /* ImageCollectionViewCell.swift in Sources */,
				683F7F4520F0B699009F0783 /* ButtonCell.swift in Sources */,
				683F7F4120F0A152009F0783 /* FlowLayout.swift in Sources */,
				6812648D20E2893000AEE238 /* UIImage+Decompression.swift in Sources */,
				683F7F3F20F09A45009F0783 /* CardCell.swift in Sources */,
				7398F63A20EDF903005EFA9B /* DetailViewController.swift in Sources */,
				683F7F4320F0AAFB009F0783 /* CardContentViewController.swift in Sources */,
				7398F63B20EDF903005EFA9B /* Card.swift in Sources */,
				7398F63F20EDF903005EFA9B /* LayoutHelper.swift in Sources */,
				7398F64020EDF903005EFA9B /* CardGroup.swift in Sources */,
				7398F63920EDF903005EFA9B /* CardGroupSliding.swift in Sources */,
				7398F63E20EDF903005EFA9B /* Animator.swift in Sources */,
				7398F64120EDF903005EFA9B /* CardArticle.swift in Sources */,
				7315F91020D3D38A00C5C95B /* BankCollectionViewCell.swift in Sources */,
				7398F63D20EDF903005EFA9B /* CardHighlight.swift in Sources */,
				7315F90920D3D37A00C5C95B /* TLTProgessView.swift in Sources */,
				6812648920E2893000AEE238 /* InspirationsViewController.swift in Sources */,
				7315F91420D3D3F500C5C95B /* MockViewController.swift in Sources */,
				6812648E20E2893000AEE238 /* Inspiration.swift in Sources */,
				6812648820E2893000AEE238 /* UltravisualLayout.swift in Sources */,
				7315F90E20D3D38A00C5C95B /* GlassViewController.swift in Sources */,
				6812648C20E2893000AEE238 /* Session.swift in Sources */,
				6812648F20E2893000AEE238 /* InspirationCell.swift in Sources */,
				C9A730E91DAC7D4C001A6281 /* ViewController.swift in Sources */,
				C9A730E71DAC7D4C001A6281 /* AppDelegate.swift in Sources */,
				6812648A20E2893000AEE238 /* UIColor+Palette.swift in Sources */,
			);
			runOnlyForDeploymentPostprocessing = 0;
		};
/* End PBXSourcesBuildPhase section */

/* Begin PBXVariantGroup section */
		C9A730EA1DAC7D4C001A6281 /* Main.storyboard */ = {
			isa = PBXVariantGroup;
			children = (
				C9A730EB1DAC7D4C001A6281 /* Base */,
			);
			name = Main.storyboard;
			sourceTree = "<group>";
		};
		C9A730EF1DAC7D4C001A6281 /* LaunchScreen.storyboard */ = {
			isa = PBXVariantGroup;
			children = (
				C9A730F01DAC7D4C001A6281 /* Base */,
			);
			name = LaunchScreen.storyboard;
			sourceTree = "<group>";
		};
/* End PBXVariantGroup section */

/* Begin XCBuildConfiguration section */
		C9A730F31DAC7D4C001A6281 /* Debug */ = {
			isa = XCBuildConfiguration;
			buildSettings = {
				ALWAYS_SEARCH_USER_PATHS = NO;
				CLANG_ANALYZER_NONNULL = YES;
				CLANG_CXX_LANGUAGE_STANDARD = "gnu++0x";
				CLANG_CXX_LIBRARY = "libc++";
				CLANG_ENABLE_MODULES = YES;
				CLANG_ENABLE_OBJC_ARC = YES;
				CLANG_WARN_BOOL_CONVERSION = YES;
				CLANG_WARN_CONSTANT_CONVERSION = YES;
				CLANG_WARN_DIRECT_OBJC_ISA_USAGE = YES_ERROR;
				CLANG_WARN_DOCUMENTATION_COMMENTS = YES;
				CLANG_WARN_EMPTY_BODY = YES;
				CLANG_WARN_ENUM_CONVERSION = YES;
				CLANG_WARN_INFINITE_RECURSION = YES;
				CLANG_WARN_INT_CONVERSION = YES;
				CLANG_WARN_OBJC_ROOT_CLASS = YES_ERROR;
				CLANG_WARN_SUSPICIOUS_MOVES = YES;
				CLANG_WARN_UNREACHABLE_CODE = YES;
				CLANG_WARN__DUPLICATE_METHOD_MATCH = YES;
				"CODE_SIGN_IDENTITY[sdk=iphoneos*]" = "iPhone Developer";
				COPY_PHASE_STRIP = NO;
				DEBUG_INFORMATION_FORMAT = dwarf;
				ENABLE_STRICT_OBJC_MSGSEND = YES;
				ENABLE_TESTABILITY = YES;
				GCC_C_LANGUAGE_STANDARD = gnu99;
				GCC_DYNAMIC_NO_PIC = NO;
				GCC_NO_COMMON_BLOCKS = YES;
				GCC_OPTIMIZATION_LEVEL = 0;
				GCC_PREPROCESSOR_DEFINITIONS = (
					"DEBUG=1",
					"$(inherited)",
				);
				GCC_WARN_64_TO_32_BIT_CONVERSION = YES;
				GCC_WARN_ABOUT_RETURN_TYPE = YES_ERROR;
				GCC_WARN_UNDECLARED_SELECTOR = YES;
				GCC_WARN_UNINITIALIZED_AUTOS = YES_AGGRESSIVE;
				GCC_WARN_UNUSED_FUNCTION = YES;
				GCC_WARN_UNUSED_VARIABLE = YES;
				IPHONEOS_DEPLOYMENT_TARGET = 10.0;
				MTL_ENABLE_DEBUG_INFO = YES;
				ONLY_ACTIVE_ARCH = YES;
				SDKROOT = iphoneos;
				SWIFT_ACTIVE_COMPILATION_CONDITIONS = DEBUG;
				SWIFT_OPTIMIZATION_LEVEL = "-Onone";
			};
			name = Debug;
		};
		C9A730F41DAC7D4C001A6281 /* Release */ = {
			isa = XCBuildConfiguration;
			buildSettings = {
				ALWAYS_SEARCH_USER_PATHS = NO;
				CLANG_ANALYZER_NONNULL = YES;
				CLANG_CXX_LANGUAGE_STANDARD = "gnu++0x";
				CLANG_CXX_LIBRARY = "libc++";
				CLANG_ENABLE_MODULES = YES;
				CLANG_ENABLE_OBJC_ARC = YES;
				CLANG_WARN_BOOL_CONVERSION = YES;
				CLANG_WARN_CONSTANT_CONVERSION = YES;
				CLANG_WARN_DIRECT_OBJC_ISA_USAGE = YES_ERROR;
				CLANG_WARN_DOCUMENTATION_COMMENTS = YES;
				CLANG_WARN_EMPTY_BODY = YES;
				CLANG_WARN_ENUM_CONVERSION = YES;
				CLANG_WARN_INFINITE_RECURSION = YES;
				CLANG_WARN_INT_CONVERSION = YES;
				CLANG_WARN_OBJC_ROOT_CLASS = YES_ERROR;
				CLANG_WARN_SUSPICIOUS_MOVES = YES;
				CLANG_WARN_UNREACHABLE_CODE = YES;
				CLANG_WARN__DUPLICATE_METHOD_MATCH = YES;
				"CODE_SIGN_IDENTITY[sdk=iphoneos*]" = "iPhone Developer";
				COPY_PHASE_STRIP = NO;
				DEBUG_INFORMATION_FORMAT = "dwarf-with-dsym";
				ENABLE_NS_ASSERTIONS = NO;
				ENABLE_STRICT_OBJC_MSGSEND = YES;
				GCC_C_LANGUAGE_STANDARD = gnu99;
				GCC_NO_COMMON_BLOCKS = YES;
				GCC_WARN_64_TO_32_BIT_CONVERSION = YES;
				GCC_WARN_ABOUT_RETURN_TYPE = YES_ERROR;
				GCC_WARN_UNDECLARED_SELECTOR = YES;
				GCC_WARN_UNINITIALIZED_AUTOS = YES_AGGRESSIVE;
				GCC_WARN_UNUSED_FUNCTION = YES;
				GCC_WARN_UNUSED_VARIABLE = YES;
				IPHONEOS_DEPLOYMENT_TARGET = 10.0;
				MTL_ENABLE_DEBUG_INFO = NO;
				SDKROOT = iphoneos;
				SWIFT_OPTIMIZATION_LEVEL = "-Owholemodule";
				VALIDATE_PRODUCT = YES;
			};
			name = Release;
		};
		C9A730F61DAC7D4C001A6281 /* Debug */ = {
			isa = XCBuildConfiguration;
			buildSettings = {
				ASSETCATALOG_COMPILER_APPICON_NAME = AppIcon;
				DEVELOPMENT_TEAM = 93QF44Z6JU;
				INFOPLIST_FILE = LivePhotoEditor/Info.plist;
				IPHONEOS_DEPLOYMENT_TARGET = 10.0;
				LD_RUNPATH_SEARCH_PATHS = "$(inherited) @executable_path/Frameworks";
				PRODUCT_BUNDLE_IDENTIFIER = com.confusians.Livert;
				PRODUCT_NAME = "$(TARGET_NAME)";
				SWIFT_VERSION = 3.0;
			};
			name = Debug;
		};
		C9A730F71DAC7D4C001A6281 /* Release */ = {
			isa = XCBuildConfiguration;
			buildSettings = {
				ASSETCATALOG_COMPILER_APPICON_NAME = AppIcon;
				DEVELOPMENT_TEAM = 93QF44Z6JU;
				INFOPLIST_FILE = LivePhotoEditor/Info.plist;
				IPHONEOS_DEPLOYMENT_TARGET = 10.0;
				LD_RUNPATH_SEARCH_PATHS = "$(inherited) @executable_path/Frameworks";
				PRODUCT_BUNDLE_IDENTIFIER = com.confusians.Livert;
				PRODUCT_NAME = "$(TARGET_NAME)";
				SWIFT_VERSION = 3.0;
			};
			name = Release;
		};
/* End XCBuildConfiguration section */

/* Begin XCConfigurationList section */
		C9A730DE1DAC7D4C001A6281 /* Build configuration list for PBXProject "LivePhotoEditor" */ = {
			isa = XCConfigurationList;
			buildConfigurations = (
				C9A730F31DAC7D4C001A6281 /* Debug */,
				C9A730F41DAC7D4C001A6281 /* Release */,
			);
			defaultConfigurationIsVisible = 0;
			defaultConfigurationName = Release;
		};
		C9A730F51DAC7D4C001A6281 /* Build configuration list for PBXNativeTarget "Livert" */ = {
			isa = XCConfigurationList;
			buildConfigurations = (
				C9A730F61DAC7D4C001A6281 /* Debug */,
				C9A730F71DAC7D4C001A6281 /* Release */,
			);
			defaultConfigurationIsVisible = 0;
			defaultConfigurationName = Release;
		};
/* End XCConfigurationList section */
	};
	rootObject = C9A730DB1DAC7D4C001A6281 /* Project object */;
}
